
Microsoft Visual Studio Solution File, Format Version 12.00
# Visual Studio 15
VisualStudioVersion = 15.0.28307.102
MinimumVisualStudioVersion = 10.0.40219.1
Project("{FAE04EC0-301F-11D3-BF4B-00C04F79EFBC}") = "MediatorExample", "MediatorExample\MediatorExample.csproj", "{BD62F790-7B25-4738-82AD-DF7B72A270F9}"
EndProject
Global
	GlobalSection(SolutionConfigurationPlatforms) = preSolution
		Debug|Any CPU = Debug|Any CPU
		Release|Any CPU = Release|Any CPU
	EndGlobalSection
	GlobalSection(ProjectConfigurationPlatforms) = postSolution
		{BD62F790-7B25-4738-82AD-DF7B72A270F9}.Debug|Any CPU.ActiveCfg = Debug|Any CPU
		{BD62F790-7B25-4738-82AD-DF7B72A270F9}.Debug|Any CPU.Build.0 = Debug|Any CPU
		{BD62F790-7B25-4738-82AD-DF7B72A270F9}.Release|Any CPU.ActiveCfg = Release|Any CPU
		{BD62F790-7B25-4738-82AD-DF7B72A270F9}.Release|Any CPU.Build.0 = Release|Any CPU
	EndGlobalSection
	GlobalSection(SolutionProperties) = preSolution
		HideSolutionNode = FALSE
	EndGlobalSection
	GlobalSection(ExtensibilityGlobals) = postSolution
		SolutionGuid = {45791911-3E3E-4274-B82D-917D93A6C354}
	EndGlobalSection
EndGlobal
